
Microsoft Visual Studio Solution File, Format Version 12.00
# Visual Studio Version 16
VisualStudioVersion = 16.0.31702.278
MinimumVisualStudioVersion = 10.0.40219.1
Project("{8BC9CEB8-8B4A-11D0-8D11-00A0C91BC942}") = "Library", "Library\Library.vcxproj", "{461D9422-C31E-4C16-8656-3B6B6E561C0E}"
EndProject
Project("{8BC9CEB8-8B4A-11D0-8D11-00A0C91BC942}") = "Person", "Person\Person.vcxproj", "{E2FBB670-AD21-4F82-81D3-BFFF5E8C75B0}"
EndProject
Global
	GlobalSection(SolutionConfigurationPlatforms) = preSolution
		Debug|x64 = Debug|x64
		Debug|x86 = Debug|x86
		Release|x64 = Release|x64
		Release|x86 = Release|x86
	EndGlobalSection
	GlobalSection(ProjectConfigurationPlatforms) = postSolution
		{461D9422-C31E-4C16-8656-3B6B6E561C0E}.Debug|x64.ActiveCfg = Debug|x64
		{461D9422-C31E-4C16-8656-3B6B6E561C0E}.Debug|x64.Build.0 = Debug|x64
		{461D9422-C31E-4C16-8656-3B6B6E561C0E}.Debug|x86.ActiveCfg = Debug|Win32
		{461D9422-C31E-4C16-8656-3B6B6E561C0E}.Debug|x86.Build.0 = Debug|Win32
		{461D9422-C31E-4C16-8656-3B6B6E561C0E}.Release|x64.ActiveCfg = Release|x64
		{461D9422-C31E-4C16-8656-3B6B6E561C0E}.Release|x64.Build.0 = Release|x64
		{461D9422-C31E-4C16-8656-3B6B6E561C0E}.Release|x86.ActiveCfg = Release|Win32
		{461D9422-C31E-4C16-8656-3B6B6E561C0E}.Release|x86.Build.0 = Release|Win32
		{E2FBB670-AD21-4F82-81D3-BFFF5E8C75B0}.Debug|x64.ActiveCfg = Debug|x64
		{E2FBB670-AD21-4F82-81D3-BFFF5E8C75B0}.Debug|x64.Build.0 = Debug|x64
		{E2FBB670-AD21-4F82-81D3-BFFF5E8C75B0}.Debug|x86.ActiveCfg = Debug|Win32
		{E2FBB670-AD21-4F82-81D3-BFFF5E8C75B0}.Debug|x86.Build.0 = Debug|Win32
		{E2FBB670-AD21-4F82-81D3-BFFF5E8C75B0}.Release|x64.ActiveCfg = Release|x64
		{E2FBB670-AD21-4F82-81D3-BFFF5E8C75B0}.Release|x64.Build.0 = Release|x64
		{E2FBB670-AD21-4F82-81D3-BFFF5E8C75B0}.Release|x86.ActiveCfg = Release|Win32
		{E2FBB670-AD21-4F82-81D3-BFFF5E8C75B0}.Release|x86.Build.0 = Release|Win32
	EndGlobalSection
	GlobalSection(SolutionProperties) = preSolution
		HideSolutionNode = FALSE
	EndGlobalSection
	GlobalSection(ExtensibilityGlobals) = postSolution
		SolutionGuid = {777FF794-0893-4DF1-90F1-790458495E4D}
	EndGlobalSection
EndGlobal
